
Microsoft Visual Studio Solution File, Format Version 12.00
# Visual Studio Version 17
VisualStudioVersion = 17.0.32014.148
MinimumVisualStudioVersion = 10.0.40219.1
Project("{FAE04EC0-301F-11D3-BF4B-00C04F79EFBC}") = "3asoft.Masterminds", "3asoft.Masterminds\3asoft.Masterminds.csproj", "{2B0FBDDD-F924-4BE8-9576-FCBBE61DDE7D}"
EndProject
Project("{9A19103F-16F7-4668-BE54-9A1E7A4F7556}") = "3asoft.Masterminds.Core", "..\3asoft.Masterminds.Core\3asoft.Masterminds.Core.csproj", "{5686D819-93F1-4960-9536-9F9BD00E13F4}"
EndProject
Project("{9A19103F-16F7-4668-BE54-9A1E7A4F7556}") = "3asoft.Masterminds.Data", "..\3asoft.Masterminds.Data\3asoft.Masterminds.Data.csproj", "{6E51D747-E620-44E4-9AEF-0E33FEFD0738}"
EndProject
Project("{9A19103F-16F7-4668-BE54-9A1E7A4F7556}") = "3asoft.Masterminds.Interfaces", "..\3asoft.Masterminds.Interfaces\3asoft.Masterminds.Interfaces.csproj", "{E5660450-FFA2-4624-9E63-5BC31E973FA7}"
EndProject
Project("{9A19103F-16F7-4668-BE54-9A1E7A4F7556}") = "3asoft.Masterminds.Services", "..\3asoft.Masterminds.Services\3asoft.Masterminds.Services.csproj", "{1B9D89B2-E9FE-409B-9845-8D3DEBD7B77B}"
EndProject
Global
	GlobalSection(SolutionConfigurationPlatforms) = preSolution
		Debug|Any CPU = Debug|Any CPU
		Release|Any CPU = Release|Any CPU
	EndGlobalSection
	GlobalSection(ProjectConfigurationPlatforms) = postSolution
		{2B0FBDDD-F924-4BE8-9576-FCBBE61DDE7D}.Debug|Any CPU.ActiveCfg = Debug|Any CPU
		{2B0FBDDD-F924-4BE8-9576-FCBBE61DDE7D}.Debug|Any CPU.Build.0 = Debug|Any CPU
		{2B0FBDDD-F924-4BE8-9576-FCBBE61DDE7D}.Release|Any CPU.ActiveCfg = Release|Any CPU
		{2B0FBDDD-F924-4BE8-9576-FCBBE61DDE7D}.Release|Any CPU.Build.0 = Release|Any CPU
		{5686D819-93F1-4960-9536-9F9BD00E13F4}.Debug|Any CPU.ActiveCfg = Debug|Any CPU
		{5686D819-93F1-4960-9536-9F9BD00E13F4}.Debug|Any CPU.Build.0 = Debug|Any CPU
		{5686D819-93F1-4960-9536-9F9BD00E13F4}.Release|Any CPU.ActiveCfg = Release|Any CPU
		{5686D819-93F1-4960-9536-9F9BD00E13F4}.Release|Any CPU.Build.0 = Release|Any CPU
		{6E51D747-E620-44E4-9AEF-0E33FEFD0738}.Debug|Any CPU.ActiveCfg = Debug|Any CPU
		{6E51D747-E620-44E4-9AEF-0E33FEFD0738}.Debug|Any CPU.Build.0 = Debug|Any CPU
		{6E51D747-E620-44E4-9AEF-0E33FEFD0738}.Release|Any CPU.ActiveCfg = Release|Any CPU
		{6E51D747-E620-44E4-9AEF-0E33FEFD0738}.Release|Any CPU.Build.0 = Release|Any CPU
		{E5660450-FFA2-4624-9E63-5BC31E973FA7}.Debug|Any CPU.ActiveCfg = Debug|Any CPU
		{E5660450-FFA2-4624-9E63-5BC31E973FA7}.Debug|Any CPU.Build.0 = Debug|Any CPU
		{E5660450-FFA2-4624-9E63-5BC31E973FA7}.Release|Any CPU.ActiveCfg = Release|Any CPU
		{E5660450-FFA2-4624-9E63-5BC31E973FA7}.Release|Any CPU.Build.0 = Release|Any CPU
		{1B9D89B2-E9FE-409B-9845-8D3DEBD7B77B}.Debug|Any CPU.ActiveCfg = Debug|Any CPU
		{1B9D89B2-E9FE-409B-9845-8D3DEBD7B77B}.Debug|Any CPU.Build.0 = Debug|Any CPU
		{1B9D89B2-E9FE-409B-9845-8D3DEBD7B77B}.Release|Any CPU.ActiveCfg = Release|Any CPU
		{1B9D89B2-E9FE-409B-9845-8D3DEBD7B77B}.Release|Any CPU.Build.0 = Release|Any CPU
	EndGlobalSection
	GlobalSection(SolutionProperties) = preSolution
		HideSolutionNode = FALSE
	EndGlobalSection
	GlobalSection(ExtensibilityGlobals) = postSolution
		SolutionGuid = {7C264E36-8BD5-4715-BE81-034F5AA955E0}
	EndGlobalSection
EndGlobal
